hash: 954683bfc1b8994e70719fc6fca477f25313937581894de028502ea71d949e6d
updated: 2017-12-14T03:56:28.438888559Z
imports:
- name: bitbucket.org/ww/goautoneg
  version: 75cd24fc2f2c2a2088577d12123ddee5f54e0675
- name: github.com/apache/thrift
  version: b2a4d4ae21c789b689dd162deb819665567f481c
  subpackages:
  - lib/go/thrift
- name: github.com/beorn7/perks
  version: 3ac7bf7a47d159a033b107610db8a1b6575507a4
  subpackages:
  - quantile
- name: github.com/blacktear23/go-proxyprotocol
  version: 62e368e1c4700c34b4b6f77afd49b215211574c2
- name: github.com/BurntSushi/toml
  version: a368813c5e648fee92e5f6c30e3944ff9d5e8895
- name: github.com/cloudfoundry-incubator/candiedyaml
  version: 5cef21e2e4f0fd147973b558d4db7395176bcd95
- name: github.com/codahale/hdrhistogram
  version: f8ad88b59a584afeee9d334eff879b104439117b
- name: github.com/coreos/etcd
  version: 9d43462d174c664f5edf313dec0de31e1ef4ed47
  subpackages:
  - auth/authpb
  - clientv3
  - clientv3/concurrency
  - etcdserver/api/v3rpc/rpctypes
  - etcdserver/etcdserverpb
  - mvcc/mvccpb
  - pkg/tlsutil
- name: github.com/coreos/gofail
  version: 38defe9971eda62d1b1c6a69c00acf001d46ecab
  subpackages:
  - runtime
- name: github.com/crossdock/crossdock-go
  version: 049aabb0122b03bc9bd30cab8f3f91fb60166361
- name: github.com/cznic/golex
  version: da5a7153a51074477ecac5c45a7e5182a0c72448
  subpackages:
  - lex
- name: github.com/cznic/mathutil
  version: 78ad7f262603437f0ecfebc835d80094f89c8f54
- name: github.com/cznic/parser
  version: 31edd927e5b19d1c4a260c41a397e7f81d6694d9
  subpackages:
  - yacc
- name: github.com/cznic/sortutil
  version: 4c7342852e65c2088c981288f2c5610d10b9f7f4
- name: github.com/cznic/strutil
  version: 1eb03e3cc9d345307a45ec82bd3016cde4bd4464
- name: github.com/cznic/y
  version: 9fdf92d4aac058959f814606bb729ed50f5e4240
- name: github.com/dustin/go-humanize
  version: 8929fe90cee4b2cb9deb468b51fb34eba64d1bf0
- name: github.com/gengo/grpc-gateway
  version: f52d055dc48aec25854ed7d31862f78913cf17d1
  subpackages:
  - runtime
  - runtime/internal
  - utilities
- name: github.com/ghodss/yaml
  version: 73d445a93680fa1a78ae23a5839bad48f32ba1ee
- name: github.com/go-sql-driver/mysql
  version: 3955978caca48c1658a4bb7a9c6a0f084e326af3
- name: github.com/gogo/protobuf
  version: 342cbe0a04158f6dcb03ca0079991a51a4248c02
  subpackages:
  - proto
- name: github.com/golang/protobuf
  version: 8ee79997227bf9b34611aee7946ae64735e6fd93
  subpackages:
  - jsonpb
  - proto
  - ptypes/any
- name: github.com/golang/snappy
  version: 723cc1e459b8eea2dea4583200fd60757d40097a
- name: github.com/google/btree
  version: 316fb6d3f031ae8f4d457c6c5186b9e3ded70435
- name: github.com/gorilla/context
  version: 1ea25387ff6f684839d82767c1733ff4d4d15d0a
- name: github.com/gorilla/mux
  version: 599cba5e7b6137d46ddf58fb1765f5d928e69604
- name: github.com/grpc-ecosystem/go-grpc-middleware
  version: 82921fcf811d228d2fa202bc31238b356bf9f8d5
  subpackages:
  - tags
  - tracing/opentracing
  - util/metautils
- name: github.com/grpc-ecosystem/go-grpc-prometheus
  version: 6b7015e65d366bf3f19b2b2a000a831940f0f7e0
- name: github.com/grpc-ecosystem/grpc-gateway
  version: 84398b94e188ee336f307779b57b3aa91af7063c
  subpackages:
  - runtime
  - runtime/internal
  - utilities
- name: github.com/juju/errors
  version: b2c7a7da5b2995941048f60146e67702a292e468
- name: github.com/matttproud/golang_protobuf_extensions
  version: c12348ce28de40eed0136aa2b644d0ee0650e56c
  subpackages:
  - pbutil
- name: github.com/ngaut/deadline
  version: fae8f9dfd7048de16575b9d4c255278e38c28a4f
- name: github.com/ngaut/pools
  version: 6352e005618615ffaf1cb1c6622b8e91435751fe
- name: github.com/ngaut/sync2
  version: 7a24ed77b2efb460c1468b7dc917821c66e80e55
- name: github.com/opentracing/opentracing-go
  version: 1949ddbfd147afd4d964a9f00b24eb291e0e7c38
  subpackages:
  - ext
  - log
- name: github.com/peterh/liner
  version: 3f3a91ddf7d2784892a58e27ddf48d70e3304bb7
- name: github.com/pingcap/check
  version: 1c287c953996ab3a0bf535dba9d53d809d3dc0b6
- name: github.com/pingcap/goleveldb
  version: 8d44bfdf1030639ae7130922c95df12d6d4da3b6
  subpackages:
  - leveldb
  - leveldb/cache
  - leveldb/comparer
  - leveldb/errors
  - leveldb/filter
  - leveldb/iterator
  - leveldb/journal
  - leveldb/memdb
  - leveldb/opt
  - leveldb/storage
  - leveldb/table
  - leveldb/util
- name: github.com/pingcap/kvproto
  version: d21ce07c35b9ea66436dc632210a01d927361ed4
  subpackages:
  - pkg/coprocessor
  - pkg/eraftpb
  - pkg/errorpb
  - pkg/kvrpcpb
  - pkg/metapb
  - pkg/pdpb
  - pkg/raft_serverpb
  - pkg/tikvpb
- name: github.com/pingcap/mysqlx-driver
  version: c4df4e6e9be29ffb2f81f953d46665b8b37341bd
- name: github.com/pingcap/pd
  version: eed819b6999186a4bf2d25255f8d61b371a450d6
  subpackages:
  - pd-client
- name: github.com/pingcap/tipb
  version: 07ff5b094233a557a3ac11b1e4d8714d8c6ff406
  subpackages:
  - go-binlog
  - go-mysqlx
  - go-mysqlx/Connection
  - go-mysqlx/Crud
  - go-mysqlx/Datatypes
  - go-mysqlx/Expect
  - go-mysqlx/Expr
  - go-mysqlx/Notice
  - go-mysqlx/Resultset
  - go-mysqlx/Session
  - go-mysqlx/Sql
  - go-tipb
  - sharedbytes
- name: github.com/prometheus/client_golang
  version: c5b7fccd204277076155f10851dad72b76a49317
  subpackages:
  - prometheus
  - prometheus/push
- name: github.com/prometheus/client_model
  version: fa8ad6fec33561be4280a8f0514318c79d7f6cb6
  subpackages:
  - go
- name: github.com/prometheus/common
  version: 4402f4e5ea79ec15f3c574773b6a5198fbea215f
  subpackages:
  - expfmt
  - internal/bitbucket.org/ww/goautoneg
  - model
- name: github.com/prometheus/procfs
  version: abf152e5f3e97f2fafac028d2cc06c1feb87ffa5
- name: github.com/sirupsen/logrus
  version: ba1b36c82c5e05c4f912a88eab0dcd91a171688f
- name: github.com/spaolacci/murmur3
  version: 0d12bf811670bf6a1a63828dfbd003eded177fce
- name: github.com/stretchr/testify
  version: 69483b4bd14f5845b5a1e55bca19e954e827f1d0
  subpackages:
  - assert
  - require
  - suite
- name: github.com/twinj/uuid
  version: 70cac2bcd273ef6a371bb96cde363d28b68734c3
- name: github.com/uber/jaeger-client-go
  version: d021e646f5187d77b55592c3efee1a2810e895d7
  subpackages:
  - config
  - internal/spanlog
  - log
  - rpcmetrics
  - thrift-gen/agent
  - thrift-gen/jaeger
  - thrift-gen/sampling
  - thrift-gen/zipkincore
  - utils
- name: github.com/uber/jaeger-lib
  version: 3b2a9ad2a045881ab7a0f81d465be54c8292ee4f
  subpackages:
  - metrics
- name: github.com/uber/tchannel-go
  version: 7bcb33f4bb908c21374f8bfdc9d4b1ebcbb8dab0
  subpackages:
  - atomic
  - thrift
  - thrift/gen-go/meta
  - tnet
  - trace/thrift/gen-go/tcollector
  - typed
- name: golang.org/x/net
  version: d1e1b351919c6738fdeb9893d5c998b161464f0c
  subpackages:
  - context
  - http2
  - http2/hpack
  - idna
  - internal/timeseries
  - lex/httplex
  - trace
- name: golang.org/x/sys
  version: a646d33e2ee3172a661fc09bca23bb4889a41bc8
  subpackages:
  - unix
- name: golang.org/x/text
  version: 4ee4af566555f5fbe026368b75596286a312663a
  subpackages:
  - encoding
  - encoding/charmap
  - encoding/internal
  - encoding/internal/identifier
  - encoding/japanese
  - encoding/korean
  - encoding/simplifiedchinese
  - encoding/traditionalchinese
  - encoding/unicode
  - internal/utf8internal
  - runes
  - secure
  - secure/bidirule
  - transform
  - unicode/bidi
  - unicode/norm
- name: golang.org/x/time
  version: c06e80d9300e4443158a03817b8a8cb37d230320
  subpackages:
  - rate
- name: google.golang.org/genproto
  version: 6b7d9516179cd47f4714cfeb0103ad1dede756c4
  subpackages:
  - googleapis/rpc/status
- name: google.golang.org/grpc
  version: 3419b42955675df23457629c75f58eb8dcd56954
  subpackages:
  - codes
  - credentials
  - grpclb/grpc_lb_v1
  - grpclog
  - internal
  - keepalive
  - metadata
  - naming
  - peer
  - stats
  - status
  - tap
  - transport
- name: gopkg.in/natefinch/lumberjack.v2
  version: dd45e6a67c53f673bb49ca8a001fd3a63ceb640e
testImports: []
