github.com/BurntSushi/toml v0.0.0-20170626110600-a368813c5e64 h1:BuYewlQyh/jroxY8qx41SrzD8Go17GkyCyAeVmprvQI=
github.com/BurntSushi/toml v0.0.0-20170626110600-a368813c5e64/go.mod h1:xHWCNGjB5oqiDr8zfno3MHue2Ht5sIBksp03qcyfWMU=
github.com/apache/thrift v0.0.0-20161221203622-b2a4d4ae21c7 h1:CZI8h5fmYwCCvd2RMSsjLqHN6OqABlWJweFKxz4vdEs=
github.com/apache/thrift v0.0.0-20161221203622-b2a4d4ae21c7/go.mod h1:cp2SuWMxlEZw2r+iP2GNCdIi4C1qmUzdZFSVb+bacwQ=
github.com/beorn7/perks v0.0.0-20160229213445-3ac7bf7a47d1 h1:OnJHjoVbY69GG4gclp0ngXfywigLhR6rrgUxmxQRWO4=
github.com/beorn7/perks v0.0.0-20160229213445-3ac7bf7a47d1/go.mod h1:Dwedo/Wpr24TaqPxmxbtue+5NUziq4I4S80YR8gNf3Q=
github.com/blacktear23/go-proxyprotocol v0.0.0-20171102103907-62e368e1c470 h1:AAFU1eDJHimRQvJGBBnhO0Cm4oe7V2GG3CLtiQk/6wg=
github.com/blacktear23/go-proxyprotocol v0.0.0-20171102103907-62e368e1c470/go.mod h1:VKt7CNAQxpFpSDz3sXyj9hY/GbVsQCr0sB3w59nE7lU=
github.com/boltdb/bolt v1.3.1 h1:JQmyP4ZBrce+ZQu0dY660FMfatumYDLun9hBCUVIkF4=
github.com/boltdb/bolt v1.3.1/go.mod h1:clJnj/oiGkjum5o1McbSZDSLxVThjynRyGBgiAx27Ps=
github.com/cockroachdb/cmux v0.0.0-20170110192607-30d10be49292 h1:dzj1/xcivGjNPwwifh/dWTczkwcuqsXXFHY1X/TZMtw=
github.com/cockroachdb/cmux v0.0.0-20170110192607-30d10be49292/go.mod h1:qRiX68mZX1lGBkTWyp3CLcenw9I94W2dLeRvMzcn9N4=
github.com/codahale/hdrhistogram v0.0.0-20160425231609-f8ad88b59a58 h1:hHWif/4GirK3P5uvCyyj941XSVIQDzuJhbEguCICdPE=
github.com/codahale/hdrhistogram v0.0.0-20160425231609-f8ad88b59a58/go.mod h1:sE/e/2PUdi/liOCUjSTXgM1o87ZssimdTWN964YiIeI=
github.com/coreos/bbolt v1.3.0 h1:HIgH5xUWXT914HCI671AxuTTqjj64UOFr7pHn48LUTI=
github.com/coreos/bbolt v1.3.0/go.mod h1:iRUV2dpdMOn7Bo10OQBFzIJO9kkE559Wcmn+qkEiiKk=
github.com/coreos/etcd v3.2.18+incompatible h1:Lf365sTHutwVcHlnM2BXCo3q1XqEiGPDQC/eKEvsXmI=
github.com/coreos/etcd v3.2.18+incompatible/go.mod h1:uF7uidLiAD3TWHmW31ZFd/JWoc32PjwdhPthX9715RE=
github.com/coreos/go-semver v0.2.0 h1:3Jm3tLmsgAYcjC+4Up7hJrFBPr+n7rAqYeSw/SZazuY=
github.com/coreos/go-semver v0.2.0/go.mod h1:nnelYz7RCh+5ahJtPPxZlU+153eP4D4r3EedlOD2RNk=
github.com/coreos/go-systemd v0.0.0-20180705093442-88bfeed483d3 h1:h/wTyTK7VVFaSLpGFKLPkEYiWuloHpStKd30EZIaL9I=
github.com/coreos/go-systemd v0.0.0-20180705093442-88bfeed483d3/go.mod h1:F5haX7vjVVG0kc13fIWeqUViNPyEJxv/OmvnBo0Yme4=
github.com/coreos/pkg v0.0.0-20180108230652-97fdf19511ea h1:n2Ltr3SrfQlf/9nOna1DoGKxLx3qTSI8Ttl6Xrqp6mw=
github.com/coreos/pkg v0.0.0-20180108230652-97fdf19511ea/go.mod h1:E3G3o1h8I7cfcXa63jLwjI0eiQQMgzzUDFVpN/nH/eA=
github.com/cznic/golex v0.0.0-20160422121650-da5a7153a510 h1:540MS5d1ysdAXqgQ78+n6sSK+v3h6Iwnx+Sj4H+rQ4I=
github.com/cznic/golex v0.0.0-20160422121650-da5a7153a510/go.mod h1:+bmmJDNmKlhWNG+gwWCkaBoTy39Fs+bzRxVBzoTQbIc=
github.com/cznic/mathutil v0.0.0-20160613104831-78ad7f262603 h1:hhR9hTi0ligs11JjfGDBP332clNOJRdW0Ci5oHtEC+0=
github.com/cznic/mathutil v0.0.0-20160613104831-78ad7f262603/go.mod h1:e6NPNENfs9mPDVNRekM7lKScauxd5kXTr1Mfyig6TDM=
github.com/cznic/parser v0.0.0-20160622100904-31edd927e5b1 h1:uWcWCkSP+E1w1z8r082miT+c+9vzg+5UdrgGCo15lMo=
github.com/cznic/parser v0.0.0-20160622100904-31edd927e5b1/go.mod h1:2B43mz36vGZNZEwkWi8ayRSSUXLfjL8OkbzwW4NcPMM=
github.com/cznic/sortutil v0.0.0-20150617083342-4c7342852e65 h1:hxuZop6tSoOi0sxFzoGGYdRqNrPubyaIf9KoBG9tPiE=
github.com/cznic/sortutil v0.0.0-20150617083342-4c7342852e65/go.mod h1:q2w6Bg5jeox1B+QkJ6Wp/+Vn0G/bo3f1uY7Fn3vivIQ=
github.com/cznic/strutil v0.0.0-20150430124730-1eb03e3cc9d3 h1:/p0JBGf4e+aZ6SL1KWAn2D20vRBJA6YSuIMAVgSsBdA=
github.com/cznic/strutil v0.0.0-20150430124730-1eb03e3cc9d3/go.mod h1:AHHPPPXTw0h6pVabbcbyGRK1DckRn7r/STdZEeIDzZc=
github.com/cznic/y v0.0.0-20160420101755-9fdf92d4aac0 h1:1oM0QSXlXMbXKzkuhtNtcaj4d5KCeZS1o3lIXZYgEWE=
github.com/cznic/y v0.0.0-20160420101755-9fdf92d4aac0/go.mod h1:1rk5VM7oSnA4vjp+hrLQ3HWHa+Y4yPCa3/CsJrcNnvs=
github.com/davecgh/go-spew v1.1.1 h1:vj9j/u1bqnvCEfJOwUhtlOARqs3+rkHYY13jYWTU97c=
github.com/davecgh/go-spew v1.1.1/go.mod h1:J7Y8YcW2NihsgmVo/mv3lAwl/skON4iLHjSsI+c5H38=
github.com/dgrijalva/jwt-go v3.2.0+incompatible h1:7qlOGliEKZXTDg6OTjfoBKDXWrumCAMpl/TFQ4/5kLM=
github.com/dgrijalva/jwt-go v3.2.0+incompatible/go.mod h1:E3ru+11k8xSBh+hMPgOLZmtrrCbhqsmaPHjLKYnJCaQ=
github.com/dustin/go-humanize v0.0.0-20180713052910-9f541cc9db5d h1:lDrio3iIdNb0Gw9CgH7cQF+iuB5mOOjdJ9ERNJCBgb4=
github.com/dustin/go-humanize v0.0.0-20180713052910-9f541cc9db5d/go.mod h1:HtrtbFcZ19U5GC7JDqmcUSB87Iq5E25KnS6fMYU6eOk=
github.com/eknkc/amber v0.0.0-20171010120322-cdade1c07385 h1:clC1lXBpe2kTj2VHdaIu9ajZQe4kcEY9j0NsnDDBZ3o=
github.com/eknkc/amber v0.0.0-20171010120322-cdade1c07385/go.mod h1:0vRUJqYpeSZifjYj7uP3BG/gKcuzL9xWVV/Y+cK33KM=
github.com/etcd-io/gofail v0.0.0-20180808172546-51ce9a71510a h1:QNEenQIsGDEEfFNSnN+h6hE1OwnHqTg7Dl9gEk1Cko4=
github.com/etcd-io/gofail v0.0.0-20180808172546-51ce9a71510a/go.mod h1:49H/RkXP8pKaZy4h0d+NW16rSLhyVBt4o6VLJbmOqDE=
github.com/fsnotify/fsnotify v1.4.7 h1:IXs+QLmnXW2CcXuY+8Mzv/fWEsPGWxqefPtCP5CnV9I=
github.com/fsnotify/fsnotify v1.4.7/go.mod h1:jwhsz4b93w/PPRr/qN1Yymfu8t87LnFCMoQvtojpjFo=
github.com/ghodss/yaml v1.0.0 h1:wQHKEahhL6wmXdzwWG11gIVCkOv05bNOh+Rxn0yngAk=
github.com/ghodss/yaml v1.0.0/go.mod h1:4dBDuWmgqj2HViK6kFavaiC9ZROes6MMH2rRYeMEF04=
github.com/go-sql-driver/mysql v0.0.0-20170715192408-3955978caca4 h1:3DFRjZdCDhzvxDf0U6/1qAryzOqD7Y5iAj0DJRRl1bs=
github.com/go-sql-driver/mysql v0.0.0-20170715192408-3955978caca4/go.mod h1:zAC/RDZ24gD3HViQzih4MyKcchzm+sOG5ZlKdlhCg5w=
github.com/gogo/protobuf v1.0.0 h1:2jyBKDKU/8v3v2xVR2PtiWQviFUyiaGk2rpfyFT8rTM=
github.com/gogo/protobuf v1.0.0/go.mod h1:r8qH/GZQm5c6nD/R0oafs1akxWv10x8SbQlK7atdtwQ=
github.com/golang/glog v0.0.0-20160126235308-23def4e6c14b h1:VKtxabqXZkF25pY9ekfRL6a582T4P37/31XEstQ5p58=
github.com/golang/glog v0.0.0-20160126235308-23def4e6c14b/go.mod h1:SBH7ygxi8pfUlaOkMMuAQtPIUF8ecWP5IEl/CR7VP2Q=
github.com/golang/groupcache v0.0.0-20180513044358-24b0969c4cb7 h1:u4bArs140e9+AfE52mFHOXVFnOSBJBRlzTHrOPLOIhE=
github.com/golang/groupcache v0.0.0-20180513044358-24b0969c4cb7/go.mod h1:cIg4eruTrX1D+g88fzRXU5OdNfaM+9IcxsU14FzY7Hc=
github.com/golang/protobuf v1.1.0 h1:0iH4Ffd/meGoXqF2lSAhZHt8X+cPgkfn/cb6Cce5Vpc=
github.com/golang/protobuf v1.1.0/go.mod h1:6lQm79b+lXiMfvg/cZm0SGofjICqVBUtrP5yJMmIC1U=
github.com/golang/snappy v0.0.0-20150730031844-723cc1e459b8 h1:HqOOL0dgInHBCZxrSdBjb6iLv1SvSjXAxkbJPsXViy0=
github.com/golang/snappy v0.0.0-20150730031844-723cc1e459b8/go.mod h1:/XxbfmMg8lxefKM7IXC3fBNl/7bRcc72aCRzEWrmP2Q=
github.com/google/btree v0.0.0-20161217183710-316fb6d3f031 h1:yAx4v8FikdsGCBPzIaT2F+0WH0J+wcL7cQD9n3UbyOk=
github.com/google/btree v0.0.0-20161217183710-316fb6d3f031/go.mod h1:lNA+9X1NB3Zf8V7Ke586lFgjr2dZNuvo3lPJSGZ5JPQ=
github.com/gorilla/context v0.0.0-20160226214623-1ea25387ff6f h1:9oNbS1z4rVpbnkHBdPZU4jo9bSmrLpII768arSyMFgk=
github.com/gorilla/context v0.0.0-20160226214623-1ea25387ff6f/go.mod h1:kBGZzfjB9CEq2AlWe17Uuf7NDRt0dE0s8S51q0aT7Yg=
github.com/gorilla/mux v0.0.0-20170228224354-599cba5e7b61 h1:4lceeSGcX6bSAeeTiqcGX4DX6pMLPG5fKHvGeWAP/5c=
github.com/gorilla/mux v0.0.0-20170228224354-599cba5e7b61/go.mod h1:1lud6UwP+6orDFRuTfBEV8e9/aOM/c4fVVCaMa2zaAs=
github.com/grpc-ecosystem/go-grpc-middleware v0.0.0-20171020063731-82921fcf811d h1:csWUAYcri3tWuLbspjXpc2o6GnE+6o89qj/ms/Py3OY=
github.com/grpc-ecosystem/go-grpc-middleware v0.0.0-20171020063731-82921fcf811d/go.mod h1:FiyG127CGDf3tlThmgyCl78X/SZQqEOJBCDaAfeWzPs=
github.com/grpc-ecosystem/go-grpc-prometheus v0.0.0-20160910222444-6b7015e65d36 h1:cwTrrTEhz13khQS3/UZMLFWwiqlcsdp/2sxFmSjAWeQ=
github.com/grpc-ecosystem/go-grpc-prometheus v0.0.0-20160910222444-6b7015e65d36/go.mod h1:8NvIoxWQoOIhqOTXgfV/d3M/q6VIi02HzZEHgUlZvzk=
github.com/grpc-ecosystem/grpc-gateway v1.4.1 h1:pX7cnDwSSmG0dR9yNjCQSSpmsJOqFdT7SzVp5Yl9uVw=
github.com/grpc-ecosystem/grpc-gateway v1.4.1/go.mod h1:RSKVYQBd5MCa4OVpNdGskqpgL2+G+NZTnrVHpWWfpdw=
github.com/hpcloud/tail v1.0.0 h1:nfCOvKYfkgYP8hkirhJocXT2+zOD8yUNjXaWfTlyFKI=
github.com/hpcloud/tail v1.0.0/go.mod h1:ab1qPbhIpdTxEkNHXyeSf5vhxWSCs/tWer42PpOxQnU=
github.com/jonboulle/clockwork v0.1.0 h1:VKV+ZcuP6l3yW9doeqz6ziZGgcynBVQO+obU0+0hcPo=
github.com/jonboulle/clockwork v0.1.0/go.mod h1:Ii8DK3G1RaLaWxj9trq07+26W01tbo22gdxWY5EU2bo=
github.com/juju/errors v0.0.0-20160212040040-b2c7a7da5b29 h1:lFTnsLTpbHnzI8KkDtBJNvfi6uc3tV01If/J24FDElQ=
github.com/juju/errors v0.0.0-20160212040040-b2c7a7da5b29/go.mod h1:W54LbzXuIE0boCoNJfwqpmkKJ1O4TCTZMetAt6jGk7Q=
github.com/juju/loggo v0.0.0-20180524022052-584905176618 h1:MK144iBQF9hTSwBW/9eJm034bVoG30IshVm688T2hi8=
github.com/juju/loggo v0.0.0-20180524022052-584905176618/go.mod h1:vgyd7OREkbtVEN/8IXZe5Ooef3LQePvuBm9UWj6ZL8U=
github.com/juju/testing v0.0.0-20180820040200-b0b89ba330f2 h1:MkeihacQp3clmXRJ+cNMR/J7Vhn2p54QrC9mYeoFESc=
github.com/juju/testing v0.0.0-20180820040200-b0b89ba330f2/go.mod h1:63prj8cnj0tU0S9OHjGJn+b1h0ZghCndfnbQolrYTwA=
github.com/kr/pretty v0.1.0 h1:L/CwN0zerZDmRFUapSPitk6f+Q3+0za1rQkzVuMiMFI=
github.com/kr/pretty v0.1.0/go.mod h1:dAy3ld7l9f0ibDNOQOHHMYYIIbhfbHSm3C4ZsoJORNo=
github.com/kr/pty v1.1.1/go.mod h1:pFQYn66WHrOpPYNljwOMqo10TkYh1fy3cYio2l3bCsQ=
github.com/kr/text v0.1.0 h1:45sCR5RtlFHMR4UwH9sdQ5TC8v0qDQCHnXt+kaKSTVE=
github.com/kr/text v0.1.0/go.mod h1:4Jbv+DJW3UT/LiOwJeYQe1efqtUx/iVham/4vfdArNI=
github.com/matttproud/golang_protobuf_extensions v1.0.1 h1:4hp9jkHxhMHkqkrB3Ix0jegS5sx/RkqARlsWZ6pIwiU=
github.com/matttproud/golang_protobuf_extensions v1.0.1/go.mod h1:D8He9yQNgCq6Z5Ld7szi9bcBfOoFv/3dc6xSMkL2PC0=
github.com/montanaflynn/stats v0.0.0-20180722130825-07668e8400fe h1:2IprKjodZTUOEddDqYqaQ+V7uRNUMT3dI2UWgT+Z9E0=
github.com/montanaflynn/stats v0.0.0-20180722130825-07668e8400fe/go.mod h1:wL8QJuTMNUDYhXwkmfOly8iTdp5TEcJFWZD2D7SIkUc=
github.com/ngaut/pools v0.0.0-20180318154953-b7bc8c42aac7 h1:7KAv7KMGTTqSmYZtNdcNTgsos+vFzULLwyElndwn+5c=
github.com/ngaut/pools v0.0.0-20180318154953-b7bc8c42aac7/go.mod h1:iWMfgwqYW+e8n5lC/jjNEhwcjbRDpl5NT7n2h+4UNcI=
github.com/ngaut/sync2 v0.0.0-20141008032647-7a24ed77b2ef h1:K0Fn+DoFqNqktdZtdV3bPQ/0cuYh2H4rkg0tytX/07k=
github.com/ngaut/sync2 v0.0.0-20141008032647-7a24ed77b2ef/go.mod h1:7WjlapSfwQyo6LNmIvEWzsW1hbBQfpUO4JWnuQRmva8=
github.com/onsi/ginkgo v1.6.0 h1:Ix8l273rp3QzYgXSR+c8d1fTG7UPgYkOSELPhiY/YGw=
github.com/onsi/ginkgo v1.6.0/go.mod h1:lLunBs/Ym6LB5Z9jYTR76FiuTmxDTDusOGeTQH+WWjE=
github.com/onsi/gomega v1.4.1 h1:PZSj/UFNaVp3KxrzHOcS7oyuWA7LoOY/77yCTEFu21U=
github.com/onsi/gomega v1.4.1/go.mod h1:C1qb7wdrVGGVU+Z6iS04AVkA3Q65CEZX59MT0QO5uiA=
github.com/opentracing/opentracing-go v1.0.2 h1:3jA2P6O1F9UOrWVpwrIo17pu01KWvNWg4X946/Y5Zwg=
github.com/opentracing/opentracing-go v1.0.2/go.mod h1:UkNAQd3GIcIGf0SeVgPpRdFStlNbqXla1AfSYxPUl2o=
github.com/pingcap/check v0.0.0-20171206051426-1c287c953996 h1:ZBdiJCMan6GSo/aPAM7gywcUKa0z58gczVrnG6TQnAQ=
github.com/pingcap/check v0.0.0-20171206051426-1c287c953996/go.mod h1:B1+S9LNcuMyLH/4HMTViQOJevkGiik3wW2AN9zb2fNQ=
github.com/pingcap/goleveldb v0.0.0-20171020084629-8d44bfdf1030 h1:XJLuW0lsP7vAtQ2iPjZwvXZ14m5urp9No+Qr06ZZcTo=
github.com/pingcap/goleveldb v0.0.0-20171020084629-8d44bfdf1030/go.mod h1:O17XtbryoCJhkKGbT62+L2OlrniwqiGLSqrmdHCMzZw=
github.com/pingcap/kvproto v0.0.0-20180503123151-5ef8fa297ea3 h1:lZmVfZeZxERobZsbw9Hyn06j8MNbWKHR0tkXYEzliPc=
github.com/pingcap/kvproto v0.0.0-20180503123151-5ef8fa297ea3/go.mod h1:0gwbe1F2iBIjuQ9AH0DbQhL+Dpr5GofU8fgYyXk+ykk=
github.com/pingcap/pd v0.0.0-20180514063648-ea6597638eb7 h1:nz4M1hYTBIJnk/TSm3HVAa3WqV5t6mTdlLjyLdmvjdM=
github.com/pingcap/pd v0.0.0-20180514063648-ea6597638eb7/go.mod h1:nD3+EoYes4+aNNODO99ES59V83MZSI+dFbhyr667a0E=
github.com/pingcap/tipb v0.0.0-20180614062814-015341a07dc3 h1:yd7p1/0JPtMn94+HkzTMIcVMkJbO1fmvGPdu4Iuv5Uc=
github.com/pingcap/tipb v0.0.0-20180614062814-015341a07dc3/go.mod h1:RtkHW8WbcNxj8lsbzjaILci01CtYnYbIkQhjyZWrWVI=
github.com/pmezard/go-difflib v1.0.0 h1:4DBwDE0NGyQoBHbLQYPwSUPoCMWR5BEzIk/f1lZbAQM=
github.com/pmezard/go-difflib v1.0.0/go.mod h1:iKH77koFhYxTK1pcRnkKkqfTogsbg7gZNVY4sRDYZ/4=
github.com/prometheus/client_golang v0.8.0 h1:1921Yw9Gc3iSc4VQh3PIoOqgPCZS7G/4xQNVUp8Mda8=
github.com/prometheus/client_golang v0.8.0/go.mod h1:7SWBe2y4D6OKWSNQJUaRYU/AaXPKyh/dDVn+NZz0KFw=
github.com/prometheus/client_model v0.0.0-20150212101744-fa8ad6fec335 h1:0E/5GnGmzoDCtmzTycjGDWW33H0UBmAhR0h+FC8hWLs=
github.com/prometheus/client_model v0.0.0-20150212101744-fa8ad6fec335/go.mod h1:MbSGuTsp3dbXC40dX6PRTWyKYBIrTGTE9sqQNg2J8bo=
github.com/prometheus/common v0.0.0-20160623151427-4402f4e5ea79 h1:SvLlpwM0nouIVroZjoDw3sMhOvtX2sSbXaUp5BqDjZA=
github.com/prometheus/common v0.0.0-20160623151427-4402f4e5ea79/go.mod h1:daVV7qP5qjZbuso7PdcryaAu0sAZbrN9i7WWcTMWvro=
github.com/prometheus/procfs v0.0.0-20160411190841-abf152e5f3e9 h1:IrO4Eb9oGw+GxzOhO4b2QC5EWO85Omh/4iTSPZktMm8=
github.com/prometheus/procfs v0.0.0-20160411190841-abf152e5f3e9/go.mod h1:c3At6R/oaqEKCNdg8wHV1ftS6bRYblBhIjjI8uT2IGk=
github.com/sirupsen/logrus v0.0.0-20170323161349-3bcb09397d6d h1:Am08dd2WIZhCQXEPA6qaDl1ycFtMnQnn0S5mEkdJSPY=
github.com/sirupsen/logrus v0.0.0-20170323161349-3bcb09397d6d/go.mod h1:pMByvHTf9Beacp5x1UXfOR9xyW/9antXMhjMPG0dEzc=
github.com/spaolacci/murmur3 v0.0.0-20150829172844-0d12bf811670 h1:hKP4ACPoBBCnBbhoiuJXiYlSDhAvC9s4lgzAPmtVdU0=
github.com/spaolacci/murmur3 v0.0.0-20150829172844-0d12bf811670/go.mod h1:JwIasOWyU6f++ZhiEuf87xNszmSA2myDM2Kzu9HwQUA=
github.com/stretchr/testify v1.2.2 h1:bSDNvY7ZPG5RlJ8otE/7V6gMiyenm9RtJ7IUVIAoJ1w=
github.com/stretchr/testify v1.2.2/go.mod h1:a8OnRcib4nhh0OaRAV+Yts87kKdq0PP7pXfy6kDkUVs=
github.com/twinj/uuid v0.0.0-20150629100731-70cac2bcd273 h1:YqFyfcgqxQqjpRr0SEG0Z555J/3kPqDL/xmRyeAaX/0=
github.com/twinj/uuid v0.0.0-20150629100731-70cac2bcd273/go.mod h1:mMgcE1RHFUFqe5AfiwlINXisXfDGro23fWdPUfOMjRY=
github.com/uber/jaeger-client-go v2.8.0+incompatible h1:7DGH8Hqk6PirD+GE+bvCf0cLnspLuae7N1NcwMeQcyg=
github.com/uber/jaeger-client-go v2.8.0+incompatible/go.mod h1:WVhlPFC8FDjOFMMWRy2pZqQJSXxYSwNYOkTr/Z6d3Kk=
github.com/uber/jaeger-lib v1.1.0 h1:k1oxbz5ToLJtwCGmTlNSmfciXv/SPe1tnmNe+FqTl5w=
github.com/uber/jaeger-lib v1.1.0/go.mod h1:ComeNDZlWwrWnDv8aPp0Ba6+uUTzImX/AauajbLI56U=
github.com/ugorji/go v1.1.1 h1:gmervu+jDMvXTbcHQ0pd2wee85nEoE0BsVyEuzkfK8w=
github.com/ugorji/go v1.1.1/go.mod h1:hnLbHMwcvSihnDhEfx2/BzKp2xb0Y+ErdfYcrs9tkJQ=
github.com/unrolled/render v0.0.0-20180807193321-4206df6ff701 h1:BJ/T25enw0WcbWqV132hGXRQdqCqe9XBzqh4AWVH7Bc=
github.com/unrolled/render v0.0.0-20180807193321-4206df6ff701/go.mod h1:tu82oB5W2ykJRVioYsB+IQKcft7ryBr7w12qMBUPyXg=
github.com/urfave/negroni v0.3.0 h1:PaXOb61mWeZJxc1Ji2xJjpVg9QfPo0rrB+lHyBxGNSU=
github.com/urfave/negroni v0.3.0/go.mod h1:Meg73S6kFm/4PpbYdq35yYWoCZ9mS/YSx+lKnmiohz4=
github.com/xiang90/probing v0.0.0-20160813154853-07dd2e8dfe18 h1:MPPkRncZLN9Kh4MEFmbnK4h3BD7AUmskWv2+EeZJCCs=
github.com/xiang90/probing v0.0.0-20160813154853-07dd2e8dfe18/go.mod h1:UETIi67q53MR2AWcXfiuqkDkRtnGDLqkBTpCHuJHxtU=
golang.org/x/crypto v0.0.0-20180820150726-614d502a4dac h1:7d7lG9fHOLdL6jZPtnV4LpI41SbohIJ1Atq7U991dMg=
golang.org/x/crypto v0.0.0-20180820150726-614d502a4dac/go.mod h1:6SG95UA2DQfeDnfUPMdvaQW0Q7yPrPDi9nlGo2tz2b4=
golang.org/x/net v0.0.0-20170406210907-d1e1b351919c h1:zkyv1ZlzrcNbK9At+s48uQhxEN74sAK/yPpj4TlPw1A=
golang.org/x/net v0.0.0-20170406210907-d1e1b351919c/go.mod h1:mL1N/T3taQHkDXs73rZJwtUhF3w3ftmwwsq0BUmARs4=
golang.org/x/sync v0.0.0-20180314180146-1d60e4601c6f h1:wMNYb4v58l5UBM7MYRLPG6ZhfOqbKu7X5eyFl8ZhKvA=
golang.org/x/sync v0.0.0-20180314180146-1d60e4601c6f/go.mod h1:RxMgew5VJxzue5/jJTE5uejpjVlOe/izrB70Jof72aM=
golang.org/x/sys v0.0.0-20180510032850-7dfd1290c791 h1:fFK3O68ywqxh9kSJokoTlNlK0NSLZ66TYEOB+yqcOVs=
golang.org/x/sys v0.0.0-20180510032850-7dfd1290c791/go.mod h1:STP8DvDyc/dI5b8T5hshtkjS+E42TnysNCUPdjciGhY=
golang.org/x/text v0.0.0-20170530162606-4ee4af566555 h1:pjwO9HxObpgZBurDvTLFbSinaf3+cKpTAjVfiGaHwrI=
golang.org/x/text v0.0.0-20170530162606-4ee4af566555/go.mod h1:NqM8EUOU14njkJ3fqMW+pc6Ldnwhi/IjpwHt7yyuwOQ=
golang.org/x/time v0.0.0-20180412165947-fbb02b2291d2 h1:+DCIGbF/swA92ohVg0//6X2IVY3KZs6p9mix0ziNYJM=
golang.org/x/time v0.0.0-20180412165947-fbb02b2291d2/go.mod h1:tRJNPiyCQ0inRvYxbN9jk5I+vvW/OXSQhTDSoE431IQ=
google.golang.org/genproto v0.0.0-20170815003206-6b7d9516179c h1:VS3HwLkbz4OhEHlAHaZG8HqYjJdncrsQGaZQ6Mf3Pk0=
google.golang.org/genproto v0.0.0-20170815003206-6b7d9516179c/go.mod h1:JiN7NxoALGmiZfu7CAH4rXhgtRTLTxftemlI0sWmxmc=
google.golang.org/grpc v1.14.0 h1:ArxJuB1NWfPY6r9Gp9gqwplT0Ge7nqv9msgu03lHLmo=
google.golang.org/grpc v1.14.0/go.mod h1:yo6s7OP7yaDglbqo1J04qKzAhqBH6lvTonzMVmEdcZw=
gopkg.in/check.v1 v0.0.0-20161208181325-20d25e280405/go.mod h1:Co6ibVJAznAaIkqp8huTwlJQCZ016jof/cbN4VW5Yz0=
gopkg.in/check.v1 v1.0.0-20180628173108-788fd7840127 h1:qIbj1fsPNlZgppZ+VLlY7N33q108Sa+fhmuc+sWQYwY=
gopkg.in/check.v1 v1.0.0-20180628173108-788fd7840127/go.mod h1:Co6ibVJAznAaIkqp8huTwlJQCZ016jof/cbN4VW5Yz0=
gopkg.in/fsnotify.v1 v1.4.7 h1:xOHLXZwVvI9hhs+cLKq5+I5onOuwQLhQwiu63xxlHs4=
gopkg.in/fsnotify.v1 v1.4.7/go.mod h1:Tz8NjZHkW78fSQdbUxIjBTcgA1z1m8ZHf0WmKUhAMys=
gopkg.in/mgo.v2 v2.0.0-20180705113604-9856a29383ce h1:xcEWjVhvbDy+nHP67nPDDpbYrY+ILlfndk4bRioVHaU=
gopkg.in/mgo.v2 v2.0.0-20180705113604-9856a29383ce/go.mod h1:yeKp02qBN3iKW1OzL3MGk2IdtZzaj7SFntXj72NppTA=
gopkg.in/natefinch/lumberjack.v2 v2.0.0-20161104145732-dd45e6a67c53 h1:Kjoe/521+yYTO0xv6VymPwLPVq3RES8170ZpJkrFE9Q=
gopkg.in/natefinch/lumberjack.v2 v2.0.0-20161104145732-dd45e6a67c53/go.mod h1:l0ndWWf7gzL7RNwBG7wST/UCcT4T24xpD6X8LsfU/+k=
gopkg.in/tomb.v1 v1.0.0-20141024135613-dd632973f1e7 h1:uRGJdciOHaEIrze2W8Q3AKkepLTh2hOroT7a+7czfdQ=
gopkg.in/tomb.v1 v1.0.0-20141024135613-dd632973f1e7/go.mod h1:dt/ZhP58zS4L8KSrWDmTeBkI65Dw0HsyUHuEVlX15mw=
gopkg.in/yaml.v2 v2.2.1 h1:mUhvW9EsL+naU5Q3cakzfE91YhliOondGd6ZrsDBHQE=
gopkg.in/yaml.v2 v2.2.1/go.mod h1:hI93XBmqTisBFMUTm0b8Fm+jr3Dg1NNxqwp+5A1VGuI=
