# This file is autogenerated, do not edit; changes may be undone by the next 'dep ensure'.


[[projects]]
  branch = "master"
  digest = "1:5d72bbcc9c8667b11c3dc3cbe681c5a6f71e5096744c0bf7726ab5c6425d5dc4"
  name = "github.com/BurntSushi/toml"
  packages = ["."]
  pruneopts = "NUT"
  revision = "3012a1dbe2e4bd1391d42b32f0577cb7bbc7f005"

[[projects]]
  branch = "master"
  digest = "1:707ebe952a8b3d00b343c01536c79c73771d100f63ec6babeaed5c79e2b8a8dd"
  name = "github.com/beorn7/perks"
  packages = ["quantile"]
  pruneopts = "NUT"
  revision = "3a771d992973f24aa725d07868b467d1ddfceafb"

[[projects]]
  branch = "master"
  digest = "1:7057355f8902ac52c6551e588c09c93292518dad2701cd53b3dee27f44693bf7"
  name = "github.com/blacktear23/go-proxyprotocol"
  packages = ["."]
  pruneopts = "NUT"
  revision = "af7a81e8dd0d5cc4e9ec408495d8f251684565c3"

[[projects]]
  branch = "master"
  digest = "1:8ecb89af7dfe3ac401bdb0c9390b134ef96a97e85f732d2b0604fb7b3977839f"
  name = "github.com/codahale/hdrhistogram"
  packages = ["."]
  pruneopts = "NUT"
  revision = "3a0bb77429bd3a61596f5e8a3172445844342120"

[[projects]]
  digest = "1:7a5c43af23a0c21f4f1762d54af95586f9c04836257e66631557d8f8200ef0e1"
  name = "github.com/coreos/etcd"
  packages = [
    "auth/authpb",
    "clientv3",
    "clientv3/concurrency",
    "etcdserver/api/v3rpc/rpctypes",
    "etcdserver/etcdserverpb",
    "mvcc/mvccpb",
    "pkg/types",
  ]
  pruneopts = "NUT"
  revision = "eddf599c689ec85f4752060edff5a72e81e9106a"
  version = "v3.2.18"

[[projects]]
  branch = "master"
  digest = "1:be5b97b5b5da2224556c71b7d38f1206cedbd88ca51703b6122c2aaa1dd2fae4"
  name = "github.com/cznic/mathutil"
  packages = ["."]
  pruneopts = "NUT"
  revision = "eba54fb065b72d838b4b3481c6056998ead55e74"

[[projects]]
  branch = "master"
  digest = "1:809006f9378a46bcc70bc4330d14f43c1a7818ae9d93c09cab062e575d7e95a2"
  name = "github.com/cznic/sortutil"
  packages = ["."]
  pruneopts = "NUT"
  revision = "4c7342852e65c2088c981288f2c5610d10b9f7f4"

[[projects]]
  branch = "master"
  digest = "1:f18dbc529543fe5fd5294f8385ea1f71681be964c43461f5f45335bb51ba83ae"
  name = "github.com/etcd-io/gofail"
  packages = ["runtime"]
  pruneopts = "NUT"
  revision = "51ce9a71510a58bad5ae66ddd278ef28762a1550"

[[projects]]
  digest = "1:747c1fcb10f8f6734551465ab73c6ed9c551aa6e66250fb6683d1624f554546a"
  name = "github.com/go-sql-driver/mysql"
  packages = ["."]
  pruneopts = "NUT"
  revision = "d523deb1b23d913de5bdada721a6071e71283618"
  version = "v1.4.0"

[[projects]]
  digest = "1:700c0988d24fac04439828af2aab8e7d1638cea3bc91ff20d2a2befc970ff165"
  name = "github.com/gogo/protobuf"
  packages = [
    "gogoproto",
    "proto",
    "protoc-gen-gogo/descriptor",
  ]
  pruneopts = "NUT"
  revision = "636bf0302bc95575d69441b25a2603156ffdddf1"
  version = "v1.1.1"

[[projects]]
  digest = "1:9b117ac202b9de210a7093bca0c29d0d2424e4c9235c9e025ae0d6ef6b121c82"
  name = "github.com/golang/protobuf"
  packages = [
    "jsonpb",
    "proto",
    "protoc-gen-go/descriptor",
    "ptypes",
    "ptypes/any",
    "ptypes/duration",
    "ptypes/struct",
    "ptypes/timestamp",
  ]
  pruneopts = "NUT"
  revision = "aa810b61a9c79d51363740d207bb46cf8e620ed5"
  version = "v1.2.0"

[[projects]]
  branch = "master"
  digest = "1:7f114b78210bf5b75f307fc97cff293633c835bab1e0ea8a744a44b39c042dfe"
  name = "github.com/golang/snappy"
  packages = ["."]
  pruneopts = "NUT"
  revision = "2e65f85255dbc3072edf28d6b5b8efc472979f5a"

[[projects]]
  branch = "master"
  digest = "1:05f95ffdfcf651bdb0f05b40b69e7f5663047f8da75c72d58728acb59b5cc107"
  name = "github.com/google/btree"
  packages = ["."]
  pruneopts = "NUT"
  revision = "4030bb1f1f0c35b30ca7009e9ebd06849dd45306"

[[projects]]
  digest = "1:c01767916c59f084bb7c41a7d5877c0f3099b1595cfa066e84ec6ad6b084dd89"
  name = "github.com/gorilla/context"
  packages = ["."]
  pruneopts = "NUT"
  revision = "08b5f424b9271eedf6f9f0ce86cb9396ed337a42"
  version = "v1.1.1"

[[projects]]
  digest = "1:bf5cf1d53d703332e9bd8984c69784645b73a938317bf5ace9aadf20ac49379a"
  name = "github.com/gorilla/mux"
  packages = ["."]
  pruneopts = "NUT"
  revision = "e3702bed27f0d39777b0b37b664b6280e8ef8fbf"
  version = "v1.6.2"

[[projects]]
  digest = "1:d18e33c8c33ab7c5f6b9560ce566efdb240f12cb9cd0c40ae7a038b8899eedd6"
  name = "github.com/grpc-ecosystem/go-grpc-middleware"
  packages = [
    ".",
    "tags",
    "tracing/opentracing",
    "util/metautils",
  ]
  pruneopts = "NUT"
  revision = "c250d6563d4d4c20252cd865923440e829844f4e"
  version = "v1.0.0"

[[projects]]
  digest = "1:5872c7f130f62fc34bfda20babad36be6309c00b5c9207717f7cd2a51536fff4"
  name = "github.com/grpc-ecosystem/go-grpc-prometheus"
  packages = ["."]
  pruneopts = "NUT"
  revision = "c225b8c3b01faf2899099b768856a9e916e5087b"
  version = "v1.2.0"

[[projects]]
  digest = "1:5e55a8699c9ff7aba1e4c8952aeda209685d88d4cb63a8766c338e333b8e65d6"
  name = "github.com/klauspost/cpuid"
  packages = ["."]
  pruneopts = "NUT"
  revision = "ae7887de9fa5d2db4eaa8174a7eff2c1ac00f2da"
  version = "v1.1"

[[projects]]
  digest = "1:c9f6002218a23250d551df200241ea6907f15b0677777bee852239d7c24ccf93"
  name = "github.com/lightstep/lightstep-tracer-go"
  packages = [
    ".",
    "collectorpb",
    "lightstep/rand",
    "lightstep_thrift",
    "lightsteppb",
    "thrift_0_9_2/lib/go/thrift",
  ]
  pruneopts = "NUT"
  revision = "87a8ccb2b6d479c7bc6c5ce556671aa194523655"
  version = "v0.15.6"

[[projects]]
  digest = "1:5985ef4caf91ece5d54817c11ea25f182697534f8ae6521eadcd628c142ac4b6"
  name = "github.com/matttproud/golang_protobuf_extensions"
  packages = ["pbutil"]
  pruneopts = "NUT"
  revision = "c12348ce28de40eed0136aa2b644d0ee0650e56c"
  version = "v1.0.1"

[[projects]]
  branch = "master"
  digest = "1:b95cb972bfd3eb737d334b1703a51a82d1d1d3e92f7f355798d94796c7120c73"
  name = "github.com/ngaut/pools"
  packages = ["."]
  pruneopts = "NUT"
  revision = "b7bc8c42aac787667ba45adea78233f53f548443"

[[projects]]
  branch = "master"
  digest = "1:7d5f99346aa63d23681f4d92708469f32384d0c26722a4de5725bd0f22caedac"
  name = "github.com/ngaut/sync2"
  packages = ["."]
  pruneopts = "NUT"
  revision = "7a24ed77b2efb460c1468b7dc917821c66e80e55"

[[projects]]
  digest = "1:7da29c22bcc5c2ffb308324377dc00b5084650348c2799e573ed226d8cc9faf0"
  name = "github.com/opentracing/opentracing-go"
  packages = [
    ".",
    "ext",
    "log",
  ]
  pruneopts = "NUT"
  revision = "1949ddbfd147afd4d964a9f00b24eb291e0e7c38"
  version = "v1.0.2"

[[projects]]
  branch = "master"
  digest = "1:3bf17a6e6eaa6ad24152148a631d18662f7212e21637c2699bff3369b7f00fa2"
  name = "github.com/petar/GoLLRB"
  packages = ["llrb"]
  pruneopts = "NUT"
  revision = "53be0d36a84c2a886ca057d34b6aa4468df9ccb4"

[[projects]]
  branch = "master"
  digest = "1:dc85cc12f7f97c2b033157f9d40395b2f0458b7bd3083257f8f661ea6f48f89a"
  name = "github.com/pingcap/check"
  packages = ["."]
  pruneopts = "NUT"
  revision = "1c287c953996ab3a0bf535dba9d53d809d3dc0b6"

[[projects]]
  digest = "1:4b96ce0f151b10c52b1d6876c179e9a6d2329f98939c4cf8148daaf27f981413"
  name = "github.com/pingcap/errors"
  packages = ["."]
  pruneopts = "NUT"
  revision = "1176802fff62540cc87d289bd40c52a2d6b2ea16"
  version = "v0.11.0"

[[projects]]
  branch = "master"
  digest = "1:8fd099a567b1e9b3a7e1f66d8547a0d2b1852427e86a0dae96fa59e9583e13e6"
  name = "github.com/pingcap/goleveldb"
  packages = [
    "leveldb",
    "leveldb/cache",
    "leveldb/comparer",
    "leveldb/errors",
    "leveldb/filter",
    "leveldb/iterator",
    "leveldb/journal",
    "leveldb/memdb",
    "leveldb/opt",
    "leveldb/storage",
    "leveldb/table",
    "leveldb/util",
  ]
  pruneopts = "NUT"
  revision = "b9ff6c35079e0b7925a4028005fc2dbc37aec69a"

[[projects]]
  branch = "master"
  digest = "1:c1fb6c548abf049fbb251bbf7c301bb4590d97b156c90767f29c8ba30d1fb08a"
  name = "github.com/pingcap/kvproto"
  packages = [
    "pkg/coprocessor",
    "pkg/eraftpb",
    "pkg/errorpb",
    "pkg/kvrpcpb",
    "pkg/metapb",
    "pkg/pdpb",
    "pkg/raft_serverpb",
    "pkg/tikvpb",
  ]
  pruneopts = "NUT"
  revision = "855d2192cdc79c7353cf36e6b60e049bf436dc8a"

[[projects]]
  branch = "master"
  digest = "1:5c94c36f7291e82207aff9f34fcdf0382a7d7d78a85a7d21f30ee1b54637d843"
  name = "github.com/pingcap/parser"
  packages = [
    ".",
    "ast",
    "auth",
    "charset",
    "format",
    "model",
    "mysql",
    "opcode",
    "terror",
    "types",
  ]
  pruneopts = "NUT"
  revision = "53ac409ed043f89a850043d2440aaaa7dd863a1c"

[[projects]]
  branch = "master"
  digest = "1:5fddbc5e4e7fefcde1e1211684839dab94545154ed1c3dda53943a4d5ef12ac2"
  name = "github.com/pingcap/pd"
  packages = ["client"]
  pruneopts = "NUT"
  revision = "4cdbccab34f940e1e0ee508901931f598fccdb2c"

[[projects]]
  digest = "1:ef1a3a4694f068c0f914a809fbfa48e0a44d50dc1154d72e85b15be01facda23"
  name = "github.com/pingcap/tidb-tools"
  packages = [
    "pkg/etcd",
    "pkg/utils",
    "tidb-binlog/node",
    "tidb-binlog/pump_client",
  ]
  pruneopts = "NUT"
  revision = "5db58e3b7e6613456551c40d011806a346b2f44a"

[[projects]]
  branch = "master"
  digest = "1:9d9d9bf758fc9bbf1a4976534c1622dbca61a8da53d98416dbb711e309e379f7"
  name = "github.com/pingcap/tipb"
  packages = [
    "go-binlog",
    "go-tipb",
    "sharedbytes",
  ]
  pruneopts = "NUT"
  revision = "11e33c750323a0267a6aee335eaaeb7831bdae67"

[[projects]]
  digest = "1:4b96ce0f151b10c52b1d6876c179e9a6d2329f98939c4cf8148daaf27f981413"
  name = "github.com/pkg/errors"
  packages = ["."]
  pruneopts = "NUT"
  revision = "1176802fff62540cc87d289bd40c52a2d6b2ea16"
  source = "https://github.com/pingcap/errors.git"
  version = "v0.11.0"

[[projects]]
  digest = "1:1ef3c4d6e78616bd3d1b5b7d8899febb9aa1b83d3373fbbdc2804408c7977b57"
  name = "github.com/prometheus/client_golang"
  packages = [
    "prometheus",
    "prometheus/push",
  ]
  pruneopts = "NUT"
  revision = "c5b7fccd204277076155f10851dad72b76a49317"
  version = "v0.8.0"

[[projects]]
  branch = "master"
  digest = "1:2d5cd61daa5565187e1d96bae64dbbc6080dacf741448e9629c64fd93203b0d4"
  name = "github.com/prometheus/client_model"
  packages = ["go"]
  pruneopts = "NUT"
  revision = "5c3871d89910bfb32f5fcab2aa4b9ec68e65a99f"

[[projects]]
  branch = "master"
  digest = "1:06375f3b602de9c99fa99b8484f0e949fd5273e6e9c6592b5a0dd4cd9085f3ea"
  name = "github.com/prometheus/common"
  packages = [
    "expfmt",
    "internal/bitbucket.org/ww/goautoneg",
    "model",
  ]
  pruneopts = "NUT"
  revision = "7e9e6cabbd393fc208072eedef99188d0ce788b6"

[[projects]]
  branch = "master"
  digest = "1:102dea0c03a915acfc634b7c67f2662012b5483b56d9025e33f5188e112759b6"
  name = "github.com/prometheus/procfs"
  packages = [
    ".",
    "internal/util",
    "nfs",
    "xfs",
  ]
  pruneopts = "NUT"
  revision = "185b4288413d2a0dd0806f78c90dde719829e5ae"

[[projects]]
  branch = "master"
  digest = "1:e3eeca4ba9d81b6356de2fd9dd18268e4dfc701af55ad1d11e1e2e4d87342afd"
  name = "github.com/remyoudompheng/bigfft"
  packages = ["."]
  pruneopts = "NUT"
  revision = "52369c62f4463a21c8ff8531194c5526322b8521"

[[projects]]
  digest = "1:4c173651d2deb815a0420aeb1b3f7ca3c4aef2d980ba164a501a53f6abf368ef"
  name = "github.com/sirupsen/logrus"
  packages = ["."]
  pruneopts = "NUT"
  revision = "3bcb09397d6d88e7676a9bc8433ca11ba5304837"

[[projects]]
  digest = "1:96ea40e8fab1400b769ff9669dd7f7de613c3a1943dd7f451c4ccbb05115bcaa"
  name = "github.com/spaolacci/murmur3"
  packages = ["."]
  pruneopts = "NUT"
  revision = "9f5d223c60793748f04a9d5b4b4eacddfc1f755d"
  version = "v1.1"

[[projects]]
  digest = "1:e102137207774595c04b9f8f33e24dee0e2b5e2a6551bd473d0b43c53f67f928"
  name = "github.com/twinj/uuid"
  packages = ["."]
  pruneopts = "NUT"
  revision = "835a10bbd6bce40820349a68b1368a62c3c5617c"
  version = "v1.0.0"

[[projects]]
  digest = "1:87dee780f88f86f300bbd90116e933347cf4a3c65c1960072d412597a8896d50"
  name = "github.com/uber/jaeger-client-go"
  packages = [
    ".",
    "config",
    "internal/baggage",
    "internal/baggage/remote",
    "internal/spanlog",
    "internal/throttler",
    "internal/throttler/remote",
    "log",
    "rpcmetrics",
    "thrift",
    "thrift-gen/agent",
    "thrift-gen/baggage",
    "thrift-gen/jaeger",
    "thrift-gen/sampling",
    "thrift-gen/zipkincore",
    "transport",
    "utils",
  ]
  pruneopts = "NUT"
  revision = "1a782e2da844727691fef1757c72eb190c2909f0"
  version = "v2.15.0"

[[projects]]
  digest = "1:0f09db8429e19d57c8346ad76fbbc679341fa86073d3b8fb5ac919f0357d8f4c"
  name = "github.com/uber/jaeger-lib"
  packages = ["metrics"]
  pruneopts = "NUT"
  revision = "ed3a127ec5fef7ae9ea95b01b542c47fbd999ce5"
  version = "v1.5.0"

[[projects]]
  branch = "master"
  digest = "1:fef1e6ae1eb8ada90ce7bd138db294fe4c6c84169c7233944e75be2b3af54662"
  name = "golang.org/x/net"
  packages = [
    "context",
    "http/httpguts",
    "http2",
    "http2/hpack",
    "idna",
    "internal/timeseries",
    "trace",
  ]
  pruneopts = "NUT"
  revision = "c44066c5c816ec500d459a2a324a753f78531ae0"

[[projects]]
  branch = "master"
  digest = "1:777d58063db2ef2af9a6bfbf74d7c27b12894b0aad709891b963282e07932b8a"
  name = "golang.org/x/sys"
  packages = ["unix"]
  pruneopts = "NUT"
  revision = "9b800f95dbbc54abff0acf7ee32d88ba4e328c89"

[[projects]]
  digest = "1:f896505f33fdf5f120d202901ffcafef36c4ff5da2f1ac1aa09c9a51143ac535"
  name = "golang.org/x/text"
  packages = [
    "collate",
    "collate/build",
    "encoding",
    "encoding/charmap",
    "encoding/internal",
    "encoding/internal/identifier",
    "encoding/japanese",
    "encoding/korean",
    "encoding/simplifiedchinese",
    "encoding/traditionalchinese",
    "encoding/unicode",
    "internal/colltab",
    "internal/gen",
    "internal/tag",
    "internal/triegen",
    "internal/ucd",
    "internal/utf8internal",
    "language",
    "runes",
    "secure/bidirule",
    "transform",
    "unicode/bidi",
    "unicode/cldr",
    "unicode/norm",
    "unicode/rangetable",
  ]
  pruneopts = "NUT"
  revision = "f21a4dfb5e38f5895301dc265a8def02365cc3d0"
  version = "v0.3.0"

[[projects]]
  digest = "1:c25289f43ac4a68d88b02245742347c94f1e108c534dda442188015ff80669b3"
  name = "google.golang.org/appengine"
  packages = ["cloudsql"]
  pruneopts = "NUT"
  revision = "ae0ab99deb4dc413a2b4bd6c8bdd0eb67f1e4d06"
  version = "v1.2.0"

[[projects]]
  branch = "master"
  digest = "1:ec1919b8b80839559effbe3eabcebf92238d12d3dd9182e51deb5da3ed12e5e9"
  name = "google.golang.org/genproto"
  packages = [
    "googleapis/api/annotations",
    "googleapis/rpc/status",
  ]
  pruneopts = "NUT"
  revision = "b69ba1387ce2108ac9bc8e8e5e5a46e7d5c72313"

[[projects]]
  digest = "1:7cd8d3d0020bbbe235958c87a2c042c4a8505e401b6e0496880990228fc34f4b"
  name = "google.golang.org/grpc"
  packages = [
    ".",
    "balancer",
    "balancer/base",
    "balancer/roundrobin",
    "channelz",
    "codes",
    "connectivity",
    "credentials",
    "encoding",
    "encoding/proto",
    "grpclb/grpc_lb_v1/messages",
    "grpclog",
    "health/grpc_health_v1",
    "internal",
    "keepalive",
    "metadata",
    "naming",
    "peer",
    "resolver",
    "resolver/dns",
    "resolver/passthrough",
    "stats",
    "status",
    "tap",
    "transport",
  ]
  pruneopts = "NUT"
  revision = "7a6a684ca69eb4cae85ad0a484f2e531598c047b"
  source = "https://github.com/grpc/grpc-go.git"
  version = "v1.12.2"

[[projects]]
  digest = "1:80c34337e8a734e190f2d1b716cae774cca74db98315166f92074434e9af0227"
  name = "gopkg.in/natefinch/lumberjack.v2"
  packages = ["."]
  pruneopts = "NUT"
  revision = "a96e63847dc3c67d17befa69c303767e2f84e54f"
  version = "v2.1"

[solve-meta]
  analyzer-name = "dep"
  analyzer-version = 1
  input-imports = [
    "github.com/BurntSushi/toml",
    "github.com/blacktear23/go-proxyprotocol",
    "github.com/coreos/etcd/clientv3",
    "github.com/coreos/etcd/clientv3/concurrency",
    "github.com/coreos/etcd/etcdserver/api/v3rpc/rpctypes",
    "github.com/coreos/etcd/mvcc/mvccpb",
    "github.com/cznic/mathutil",
    "github.com/cznic/sortutil",
    "github.com/etcd-io/gofail/runtime",
    "github.com/go-sql-driver/mysql",
    "github.com/gogo/protobuf/proto",
    "github.com/golang/protobuf/jsonpb",
    "github.com/golang/protobuf/proto",
    "github.com/google/btree",
    "github.com/gorilla/mux",
    "github.com/grpc-ecosystem/go-grpc-middleware",
    "github.com/grpc-ecosystem/go-grpc-middleware/tracing/opentracing",
    "github.com/grpc-ecosystem/go-grpc-prometheus",
    "github.com/klauspost/cpuid",
    "github.com/lightstep/lightstep-tracer-go",
    "github.com/ngaut/pools",
    "github.com/ngaut/sync2",
    "github.com/opentracing/opentracing-go",
    "github.com/opentracing/opentracing-go/log",
    "github.com/pingcap/check",
    "github.com/pingcap/goleveldb/leveldb",
    "github.com/pingcap/goleveldb/leveldb/comparer",
    "github.com/pingcap/goleveldb/leveldb/iterator",
    "github.com/pingcap/goleveldb/leveldb/memdb",
    "github.com/pingcap/goleveldb/leveldb/opt",
    "github.com/pingcap/goleveldb/leveldb/storage",
    "github.com/pingcap/goleveldb/leveldb/util",
    "github.com/pingcap/kvproto/pkg/coprocessor",
    "github.com/pingcap/kvproto/pkg/errorpb",
    "github.com/pingcap/kvproto/pkg/kvrpcpb",
    "github.com/pingcap/kvproto/pkg/metapb",
    "github.com/pingcap/kvproto/pkg/tikvpb",
    "github.com/pingcap/parser",
    "github.com/pingcap/parser/ast",
    "github.com/pingcap/parser/auth",
    "github.com/pingcap/parser/charset",
    "github.com/pingcap/parser/model",
    "github.com/pingcap/parser/mysql",
    "github.com/pingcap/parser/opcode",
    "github.com/pingcap/parser/terror",
    "github.com/pingcap/parser/types",
    "github.com/pingcap/pd/client",
    "github.com/pingcap/tidb-tools/tidb-binlog/node",
    "github.com/pingcap/tidb-tools/tidb-binlog/pump_client",
    "github.com/pingcap/tipb/go-binlog",
    "github.com/pingcap/tipb/go-tipb",
    "github.com/pkg/errors",
    "github.com/prometheus/client_golang/prometheus",
    "github.com/prometheus/client_golang/prometheus/push",
    "github.com/prometheus/client_model/go",
    "github.com/sirupsen/logrus",
    "github.com/spaolacci/murmur3",
    "github.com/twinj/uuid",
    "github.com/uber/jaeger-client-go/config",
    "golang.org/x/net/context",
    "golang.org/x/net/trace",
    "golang.org/x/text/transform",
    "google.golang.org/grpc",
    "google.golang.org/grpc/codes",
    "google.golang.org/grpc/credentials",
    "google.golang.org/grpc/keepalive",
    "google.golang.org/grpc/metadata",
    "gopkg.in/natefinch/lumberjack.v2",
  ]
  solver-name = "gps-cdcl"
  solver-version = 1
